# This file was autogenerated by Stack.
# You should not edit this file by hand.
# For more information, please see the documentation at:
#   https://docs.haskellstack.org/en/stable/lock_files

packages:
- completed:
    hackage: hw-hspec-hedgehog-0.1.0.4@sha256:f856bb4868934e9a1f110da8e88c9052ebe94dc7a7016d44b24bb08322b900ca,1547
    pantry-tree:
      size: 412
      sha256: 28549cbf646ca2b299715737c05f246f6975bbea70fa852535e7fa22894a2aad
  original:
    hackage: hw-hspec-hedgehog-0.1.0.4
snapshots:
- completed:
    size: 585817
    url: https://raw.githubusercontent.com/commercialhaskell/stackage-snapshots/master/lts/18/5.yaml
    sha256: 22d24d0dacad9c1450b9a174c28d203f9bb482a2a8da9710a2f2a9f4afee2887
  original: lts-18.5
